# This file is automatically @generated by Cargo.
# It is not intended for manual editing.
version = 4

[[package]]
name = "minmath"
version = "1.5.0"
source = "registry+https://github.com/rust-lang/crates.io-index"
checksum = "ffa0b0035a3b9dc3a9beef907533e857d5158e184248b3eb9578794e1c2338bc"

[[package]]
name = "rasterizer"
version = "0.1.0"
dependencies = [
 "minmath",
]
